
Microsoft Visual Studio Solution File, Format Version 12.00
# Visual Studio Version 17
VisualStudioVersion = 17.1.32228.430
MinimumVisualStudioVersion = 10.0.40219.1
Project("{2150E333-8FDC-42A3-9474-1A3956D46DE8}") = "Configuration", "Configuration", "{5A0C3D1D-42E3-4A2F-87BC-9CF76DA7B01C}"
	ProjectSection(SolutionItems) = preProject
		..\.gitignore = ..\.gitignore
		clean.ps1 = clean.ps1
		Directory.Build.props = Directory.Build.props
		global.json = global.json
	EndProjectSection
EndProject
Project("{2150E333-8FDC-42A3-9474-1A3956D46DE8}") = "Workflows", "Workflows", "{54449306-C4BA-4A88-8B47-B073E3663531}"
	ProjectSection(SolutionItems) = preProject
		..\.github\workflows\cd-github.yml = ..\.github\workflows\cd-github.yml
		..\.github\workflows\ci-v0.yml = ..\.github\workflows\ci-v0.yml
		..\.github\workflows\ci-v1.yml = ..\.github\workflows\ci-v1.yml
		..\.github\workflows\ci-v2.yml = ..\.github\workflows\ci-v2.yml
		..\.github\workflows\ci-v3.yml = ..\.github\workflows\ci-v3.yml
		..\.github\workflows\ci-v4.yml = ..\.github\workflows\ci-v4.yml
		..\.github\workflows\ci-v5.yml = ..\.github\workflows\ci-v5.yml
		..\.github\workflows\delete-old-workflows.yml = ..\.github\workflows\delete-old-workflows.yml
	EndProjectSection
EndProject
Project("{2150E333-8FDC-42A3-9474-1A3956D46DE8}") = "Src", "Src", "{EECFD247-3A91-4408-9721-6314C28FB520}"
EndProject
Project("{2150E333-8FDC-42A3-9474-1A3956D46DE8}") = "Docs", "Docs", "{F5C56778-29D5-41A3-A20E-B45961708885}"
	ProjectSection(SolutionItems) = preProject
		..\CHANGELOG.md = ..\CHANGELOG.md
		..\README.md = ..\README.md
	EndProjectSection
EndProject
Project("{2150E333-8FDC-42A3-9474-1A3956D46DE8}") = "Tests", "Tests", "{71E1788A-6A34-42A4-9501-698B7EF41A37}"
EndProject
Project("{9A19103F-16F7-4668-BE54-9A1E7A4F7556}") = "Crypto", "Crypto\Crypto.csproj", "{4B3D1900-7C4A-4C07-A2C6-B38FDC8A62C9}"
EndProject
Project("{9A19103F-16F7-4668-BE54-9A1E7A4F7556}") = "Crypto.Tests", "Crypto.Tests\Crypto.Tests.csproj", "{6D846361-A168-43BD-BC2A-8E5569FB03EF}"
EndProject
Project("{9A19103F-16F7-4668-BE54-9A1E7A4F7556}") = "Crypto.IntegrationTests", "Crypto.IntegrationTests\Crypto.IntegrationTests.csproj", "{CC853233-02F5-4037-AB36-24024C69E94C}"
EndProject
Global
	GlobalSection(SolutionConfigurationPlatforms) = preSolution
		Debug|Any CPU = Debug|Any CPU
		Debug|x64 = Debug|x64
		Debug|x86 = Debug|x86
		Release|Any CPU = Release|Any CPU
		Release|x64 = Release|x64
		Release|x86 = Release|x86
	EndGlobalSection
	GlobalSection(ProjectConfigurationPlatforms) = postSolution
		{4B3D1900-7C4A-4C07-A2C6-B38FDC8A62C9}.Debug|Any CPU.ActiveCfg = Debug|Any CPU
		{4B3D1900-7C4A-4C07-A2C6-B38FDC8A62C9}.Debug|Any CPU.Build.0 = Debug|Any CPU
		{4B3D1900-7C4A-4C07-A2C6-B38FDC8A62C9}.Debug|x64.ActiveCfg = Debug|x64
		{4B3D1900-7C4A-4C07-A2C6-B38FDC8A62C9}.Debug|x64.Build.0 = Debug|x64
		{4B3D1900-7C4A-4C07-A2C6-B38FDC8A62C9}.Debug|x86.ActiveCfg = Debug|x86
		{4B3D1900-7C4A-4C07-A2C6-B38FDC8A62C9}.Debug|x86.Build.0 = Debug|x86
		{4B3D1900-7C4A-4C07-A2C6-B38FDC8A62C9}.Release|Any CPU.ActiveCfg = Release|Any CPU
		{4B3D1900-7C4A-4C07-A2C6-B38FDC8A62C9}.Release|Any CPU.Build.0 = Release|Any CPU
		{4B3D1900-7C4A-4C07-A2C6-B38FDC8A62C9}.Release|x64.ActiveCfg = Release|x64
		{4B3D1900-7C4A-4C07-A2C6-B38FDC8A62C9}.Release|x64.Build.0 = Release|x64
		{4B3D1900-7C4A-4C07-A2C6-B38FDC8A62C9}.Release|x86.ActiveCfg = Release|x86
		{4B3D1900-7C4A-4C07-A2C6-B38FDC8A62C9}.Release|x86.Build.0 = Release|x86
		{6D846361-A168-43BD-BC2A-8E5569FB03EF}.Debug|Any CPU.ActiveCfg = Debug|Any CPU
		{6D846361-A168-43BD-BC2A-8E5569FB03EF}.Debug|Any CPU.Build.0 = Debug|Any CPU
		{6D846361-A168-43BD-BC2A-8E5569FB03EF}.Debug|x64.ActiveCfg = Debug|x64
		{6D846361-A168-43BD-BC2A-8E5569FB03EF}.Debug|x64.Build.0 = Debug|x64
		{6D846361-A168-43BD-BC2A-8E5569FB03EF}.Debug|x86.ActiveCfg = Debug|x86
		{6D846361-A168-43BD-BC2A-8E5569FB03EF}.Debug|x86.Build.0 = Debug|x86
		{6D846361-A168-43BD-BC2A-8E5569FB03EF}.Release|Any CPU.ActiveCfg = Release|Any CPU
		{6D846361-A168-43BD-BC2A-8E5569FB03EF}.Release|Any CPU.Build.0 = Release|Any CPU
		{6D846361-A168-43BD-BC2A-8E5569FB03EF}.Release|x64.ActiveCfg = Release|x64
		{6D846361-A168-43BD-BC2A-8E5569FB03EF}.Release|x64.Build.0 = Release|x64
		{6D846361-A168-43BD-BC2A-8E5569FB03EF}.Release|x86.ActiveCfg = Release|x86
		{6D846361-A168-43BD-BC2A-8E5569FB03EF}.Release|x86.Build.0 = Release|x86
		{CC853233-02F5-4037-AB36-24024C69E94C}.Debug|Any CPU.ActiveCfg = Debug|Any CPU
		{CC853233-02F5-4037-AB36-24024C69E94C}.Debug|Any CPU.Build.0 = Debug|Any CPU
		{CC853233-02F5-4037-AB36-24024C69E94C}.Debug|x64.ActiveCfg = Debug|x64
		{CC853233-02F5-4037-AB36-24024C69E94C}.Debug|x64.Build.0 = Debug|x64
		{CC853233-02F5-4037-AB36-24024C69E94C}.Debug|x86.ActiveCfg = Debug|x86
		{CC853233-02F5-4037-AB36-24024C69E94C}.Debug|x86.Build.0 = Debug|x86
		{CC853233-02F5-4037-AB36-24024C69E94C}.Release|Any CPU.ActiveCfg = Release|Any CPU
		{CC853233-02F5-4037-AB36-24024C69E94C}.Release|Any CPU.Build.0 = Release|Any CPU
		{CC853233-02F5-4037-AB36-24024C69E94C}.Release|x64.ActiveCfg = Release|x64
		{CC853233-02F5-4037-AB36-24024C69E94C}.Release|x64.Build.0 = Release|x64
		{CC853233-02F5-4037-AB36-24024C69E94C}.Release|x86.ActiveCfg = Release|x86
		{CC853233-02F5-4037-AB36-24024C69E94C}.Release|x86.Build.0 = Release|x86
	EndGlobalSection
	GlobalSection(SolutionProperties) = preSolution
		HideSolutionNode = FALSE
	EndGlobalSection
	GlobalSection(NestedProjects) = preSolution
		{54449306-C4BA-4A88-8B47-B073E3663531} = {5A0C3D1D-42E3-4A2F-87BC-9CF76DA7B01C}
		{4B3D1900-7C4A-4C07-A2C6-B38FDC8A62C9} = {EECFD247-3A91-4408-9721-6314C28FB520}
		{6D846361-A168-43BD-BC2A-8E5569FB03EF} = {71E1788A-6A34-42A4-9501-698B7EF41A37}
		{CC853233-02F5-4037-AB36-24024C69E94C} = {71E1788A-6A34-42A4-9501-698B7EF41A37}
	EndGlobalSection
	GlobalSection(ExtensibilityGlobals) = postSolution
		SolutionGuid = {34B3A2A4-BA14-4935-B5A5-FD8EDC258B77}
	EndGlobalSection
EndGlobal
